# This file is automatically @generated by Cargo.
# It is not intended for manual editing.
version = 3

[[package]]
name = "autocfg"
version = "1.1.0"
source = "registry+https://github.com/rust-lang/crates.io-index"
checksum = "d468802bab17cbc0cc575e9b053f41e72aa36bfa6b7f55e3529ffa43161b97fa"

[[package]]
name = "bit_field"
version = "0.10.2"
source = "registry+https://github.com/rust-lang/crates.io-index"
checksum = "dc827186963e592360843fb5ba4b973e145841266c1357f7180c43526f2e5b61"

[[package]]
name = "bitfield-struct"
version = "0.3.2"
source = "registry+https://github.com/rust-lang/crates.io-index"
checksum = "a4e766e50a6ec4582ebf04c907ac902e598fa295db078b5fdc71cd1efb0557e1"
dependencies = [
 "proc-macro2",
 "quote",
 "syn",
]

[[package]]
name = "bitflags"
version = "1.3.2"
source = "registry+https://github.com/rust-lang/crates.io-index"
checksum = "bef38d45163c2f1dde094a7dfd33ccf595c92905c8f8f4fdc18d06fb1037718a"

[[package]]
name = "bootloader"
version = "0.1.0"
dependencies = [
 "bootloader-lib",
 "common-lib",
 "uefi",
 "uefi-services",
]

[[package]]
name = "bootloader-lib"
version = "0.1.0"
dependencies = [
 "common-lib",
 "uefi",
 "uefi-services",
]

[[package]]
name = "cc"
version = "1.0.79"
source = "registry+https://github.com/rust-lang/crates.io-index"
checksum = "50d30906286121d95be3d479533b458f87493b30a4b5f79a607db8f5d11aa91f"

[[package]]
name = "cfg-if"
version = "1.0.0"
source = "registry+https://github.com/rust-lang/crates.io-index"
checksum = "baf1de4339761588bc0619e3cbc0120ee582ebb74b53b4efbf79117bd2da40fd"

[[package]]
name = "common-lib"
version = "0.1.0"
dependencies = [
 "uefi",
]

[[package]]
name = "enum-try-from"
version = "0.0.1"
source = "registry+https://github.com/rust-lang/crates.io-index"
checksum = "2834b37e663ed8feababf536696a8495fff40a398ba68cafc94dc0a47bd737c3"

[[package]]
name = "kernel"
version = "0.1.0"
dependencies = [
 "common-lib",
 "kernel-lib",
 "lazy_static",
 "macros",
 "pci",
 "spin 0.9.5",
 "uart_16550",
 "uefi",
]

[[package]]
name = "kernel-lib"
version = "0.1.0"
dependencies = [
 "cc",
 "common-lib",
 "once",
 "spin 0.9.5",
]

[[package]]
name = "lazy_static"
version = "1.4.0"
source = "registry+https://github.com/rust-lang/crates.io-index"
checksum = "e2abad23fbc42b3700f2f279844dc832adb2b2eb069b2df918f455c4e18cc646"
dependencies = [
 "spin 0.5.2",
]

[[package]]
name = "lock_api"
version = "0.4.9"
source = "registry+https://github.com/rust-lang/crates.io-index"
checksum = "435011366fe56583b16cf956f9df0095b405b82d76425bc8981c0e22e60ec4df"
dependencies = [
 "autocfg",
 "scopeguard",
]

[[package]]
name = "log"
version = "0.4.17"
source = "registry+https://github.com/rust-lang/crates.io-index"
checksum = "abb12e687cfb44aa40f41fc3978ef76448f9b6038cad6aef4259d3c095a2382e"
dependencies = [
 "cfg-if",
]

[[package]]
name = "macros"
version = "0.1.0"
dependencies = [
 "kernel-lib",
 "proc-macro2",
 "quote",
 "syn",
]

[[package]]
name = "once"
version = "0.3.4"
source = "registry+https://github.com/rust-lang/crates.io-index"
checksum = "60bfe75a40f755f162b794140436c57845cb106fd1467598631c76c6fff08e28"

[[package]]
name = "pci"
version = "0.1.0"
dependencies = [
 "bitfield-struct",
 "enum-try-from",
 "kernel-lib",
 "macros",
]

[[package]]
name = "proc-macro2"
version = "1.0.52"
source = "registry+https://github.com/rust-lang/crates.io-index"
checksum = "1d0e1ae9e836cc3beddd63db0df682593d7e2d3d891ae8c9083d2113e1744224"
dependencies = [
 "unicode-ident",
]

[[package]]
name = "ptr_meta"
version = "0.2.0"
source = "registry+https://github.com/rust-lang/crates.io-index"
checksum = "bcada80daa06c42ed5f48c9a043865edea5dc44cbf9ac009fda3b89526e28607"
dependencies = [
 "ptr_meta_derive",
]

[[package]]
name = "ptr_meta_derive"
version = "0.2.0"
source = "registry+https://github.com/rust-lang/crates.io-index"
checksum = "bca9224df2e20e7c5548aeb5f110a0f3b77ef05f8585139b7148b59056168ed2"
dependencies = [
 "proc-macro2",
 "quote",
 "syn",
]

[[package]]
name = "quote"
version = "1.0.26"
source = "registry+https://github.com/rust-lang/crates.io-index"
checksum = "4424af4bf778aae2051a77b60283332f386554255d722233d09fbfc7e30da2fc"
dependencies = [
 "proc-macro2",
]

[[package]]
name = "rustversion"
version = "1.0.12"
source = "registry+https://github.com/rust-lang/crates.io-index"
checksum = "4f3208ce4d8448b3f3e7d168a73f5e0c43a61e32930de3bceeccedb388b6bf06"

[[package]]
name = "scopeguard"
version = "1.1.0"
source = "registry+https://github.com/rust-lang/crates.io-index"
checksum = "d29ab0c6d3fc0ee92fe66e2d99f700eab17a8d57d1c1d3b748380fb20baa78cd"

[[package]]
name = "spin"
version = "0.5.2"
source = "registry+https://github.com/rust-lang/crates.io-index"
checksum = "6e63cff320ae2c57904679ba7cb63280a3dc4613885beafb148ee7bf9aa9042d"

[[package]]
name = "spin"
version = "0.9.5"
source = "registry+https://github.com/rust-lang/crates.io-index"
checksum = "7dccf47db1b41fa1573ed27ccf5e08e3ca771cb994f776668c5ebda893b248fc"
dependencies = [
 "lock_api",
]

[[package]]
name = "syn"
version = "1.0.109"
source = "registry+https://github.com/rust-lang/crates.io-index"
checksum = "72b64191b275b66ffe2469e8af2c1cfe3bafa67b529ead792a6d0160888b4237"
dependencies = [
 "proc-macro2",
 "quote",
 "unicode-ident",
]

[[package]]
name = "uart_16550"
version = "0.2.18"
source = "registry+https://github.com/rust-lang/crates.io-index"
checksum = "b074eb9300ad949edd74c529c0e8d451625af71bb948e6b65fe69f72dc1363d9"
dependencies = [
 "bitflags",
 "rustversion",
 "x86_64",
]

[[package]]
name = "ucs2"
version = "0.3.2"
source = "registry+https://github.com/rust-lang/crates.io-index"
checksum = "bad643914094137d475641b6bab89462505316ec2ce70907ad20102d28a79ab8"
dependencies = [
 "bit_field",
]

[[package]]
name = "uefi"
version = "0.19.1"
source = "registry+https://github.com/rust-lang/crates.io-index"
checksum = "f5607fef843201070ed442fa257c7a944fae963fac7d4620612123192eb4d844"
dependencies = [
 "bitflags",
 "log",
 "ptr_meta",
 "ucs2",
 "uefi-macros",
]

[[package]]
name = "uefi-macros"
version = "0.10.0"
source = "registry+https://github.com/rust-lang/crates.io-index"
checksum = "f8099684193f2d99f7f130951f4054a1591ff7da370e2b33d7a71f0434920499"
dependencies = [
 "proc-macro2",
 "quote",
 "syn",
]

[[package]]
name = "uefi-services"
version = "0.16.0"
source = "registry+https://github.com/rust-lang/crates.io-index"
checksum = "f75daa44f951cc1d9dc68d98cabc06ddbccc221d7bd21222271be5d7ac526a9d"
dependencies = [
 "cfg-if",
 "log",
 "uefi",
]

[[package]]
name = "unicode-ident"
version = "1.0.8"
source = "registry+https://github.com/rust-lang/crates.io-index"
checksum = "e5464a87b239f13a63a501f2701565754bae92d243d4bb7eb12f6d57d2269bf4"

[[package]]
name = "volatile"
version = "0.4.6"
source = "registry+https://github.com/rust-lang/crates.io-index"
checksum = "442887c63f2c839b346c192d047a7c87e73d0689c9157b00b53dcc27dd5ea793"

[[package]]
name = "x86_64"
version = "0.14.10"
source = "registry+https://github.com/rust-lang/crates.io-index"
checksum = "100555a863c0092238c2e0e814c1096c1e5cf066a309c696a87e907b5f8c5d69"
dependencies = [
 "bit_field",
 "bitflags",
 "rustversion",
 "volatile",
]
