# This file is automatically @generated by Cargo.
# It is not intended for manual editing.
version = 3

[[package]]
name = "cc"
version = "1.0.79"
source = "registry+https://github.com/rust-lang/crates.io-index"
checksum = "50d30906286121d95be3d479533b458f87493b30a4b5f79a607db8f5d11aa91f"

[[package]]
name = "common-lib"
version = "0.1.0"

[[package]]
name = "kernel"
version = "0.1.0"
dependencies = [
 "common-lib",
 "kernel-lib",
]

[[package]]
name = "kernel-lib"
version = "0.1.0"
dependencies = [
 "cc",
 "common-lib",
 "once",
]

[[package]]
name = "once"
version = "0.3.4"
source = "registry+https://github.com/rust-lang/crates.io-index"
checksum = "60bfe75a40f755f162b794140436c57845cb106fd1467598631c76c6fff08e28"
